
Microsoft Visual Studio Solution File, Format Version 12.00
# Visual Studio Version 17
VisualStudioVersion = 17.2.32630.192
MinimumVisualStudioVersion = 10.0.40219.1
Project("{9A19103F-16F7-4668-BE54-9A1E7A4F7556}") = "Shibusa.DevTools.Cli", "Shibusa.DevTools.Cli\Shibusa.DevTools.Cli.csproj", "{E705C74A-F275-4E76-AD8D-C427E43A68AC}"
EndProject
Project("{9A19103F-16F7-4668-BE54-9A1E7A4F7556}") = "Shibusa.DevTools.CsProjects.Cli", "Shibusa.DevTools.CsProjects.Cli\Shibusa.DevTools.CsProjects.Cli.csproj", "{763F5A7B-71E4-4313-8CE0-E84169967B71}"
EndProject
Project("{9A19103F-16F7-4668-BE54-9A1E7A4F7556}") = "Shibusa.DevTools.FindLines.Cli", "Shibusa.DevTools.FindLines.Cli\Shibusa.DevTools.FindLines.Cli.csproj", "{0EBA3226-1298-4D7E-A9D6-66682C1BB1C4}"
EndProject
Project("{9A19103F-16F7-4668-BE54-9A1E7A4F7556}") = "Shibusa.DevTools.Sql.Cli", "Shibusa.DevTools.Sql.Cli\Shibusa.DevTools.Sql.Cli.csproj", "{EDB7608F-6B8D-4952-AC62-C46367C092FC}"
EndProject
Project("{9A19103F-16F7-4668-BE54-9A1E7A4F7556}") = "Shibusa.DevTools.AppServices", "Shibusa.DevTools.AppServices\Shibusa.DevTools.AppServices.csproj", "{B3BF7645-396C-4103-A1B3-86914D5F97BD}"
EndProject
Project("{9A19103F-16F7-4668-BE54-9A1E7A4F7556}") = "Shibusa.DevTools.Config.Cli", "Shibusa.DevTools.Config.Cli\Shibusa.DevTools.Config.Cli.csproj", "{283673DC-AA3A-4D2D-BB87-F85B421B324C}"
EndProject
Project("{2150E333-8FDC-42A3-9474-1A3956D46DE8}") = "ui", "ui", "{D91624ED-F9A2-4D8D-8043-6C95A75C1391}"
EndProject
Project("{2150E333-8FDC-42A3-9474-1A3956D46DE8}") = "libraries", "libraries", "{46F5501B-F0E7-4B1B-8C38-250D057EB935}"
EndProject
Project("{2150E333-8FDC-42A3-9474-1A3956D46DE8}") = "tests", "tests", "{0D8C5880-0626-4DC1-9570-077669845E06}"
EndProject
Project("{9A19103F-16F7-4668-BE54-9A1E7A4F7556}") = "Shibusa.DevTools.Infrastructure", "Shibusa.DevTools.Infrastructure\Shibusa.DevTools.Infrastructure.csproj", "{FE86A7F6-FD1F-42B1-9221-9DCC8CF38B31}"
EndProject
Project("{9A19103F-16F7-4668-BE54-9A1E7A4F7556}") = "Shibusa.DevTools.Infrastructure.Tests", "Shibusa.DevTools.Infrastructure.Tests\Shibusa.DevTools.Infrastructure.Tests.csproj", "{0902ABD8-CC26-4A22-B3B9-449A080C695E}"
EndProject
Project("{FAE04EC0-301F-11D3-BF4B-00C04F79EFBC}") = "Shibusa.DevTools.CsGenerator.Cli", "Shibusa.DevTools.CsGenerator.Cli\Shibusa.DevTools.CsGenerator.Cli.csproj", "{156E2F61-8BC0-47F9-AFE6-9D443A05010A}"
EndProject
Global
	GlobalSection(SolutionConfigurationPlatforms) = preSolution
		Debug|Any CPU = Debug|Any CPU
		Release|Any CPU = Release|Any CPU
	EndGlobalSection
	GlobalSection(ProjectConfigurationPlatforms) = postSolution
		{E705C74A-F275-4E76-AD8D-C427E43A68AC}.Debug|Any CPU.ActiveCfg = Debug|Any CPU
		{E705C74A-F275-4E76-AD8D-C427E43A68AC}.Debug|Any CPU.Build.0 = Debug|Any CPU
		{E705C74A-F275-4E76-AD8D-C427E43A68AC}.Release|Any CPU.ActiveCfg = Release|Any CPU
		{E705C74A-F275-4E76-AD8D-C427E43A68AC}.Release|Any CPU.Build.0 = Release|Any CPU
		{763F5A7B-71E4-4313-8CE0-E84169967B71}.Debug|Any CPU.ActiveCfg = Debug|Any CPU
		{763F5A7B-71E4-4313-8CE0-E84169967B71}.Debug|Any CPU.Build.0 = Debug|Any CPU
		{763F5A7B-71E4-4313-8CE0-E84169967B71}.Release|Any CPU.ActiveCfg = Release|Any CPU
		{763F5A7B-71E4-4313-8CE0-E84169967B71}.Release|Any CPU.Build.0 = Release|Any CPU
		{0EBA3226-1298-4D7E-A9D6-66682C1BB1C4}.Debug|Any CPU.ActiveCfg = Debug|Any CPU
		{0EBA3226-1298-4D7E-A9D6-66682C1BB1C4}.Debug|Any CPU.Build.0 = Debug|Any CPU
		{0EBA3226-1298-4D7E-A9D6-66682C1BB1C4}.Release|Any CPU.ActiveCfg = Release|Any CPU
		{0EBA3226-1298-4D7E-A9D6-66682C1BB1C4}.Release|Any CPU.Build.0 = Release|Any CPU
		{EDB7608F-6B8D-4952-AC62-C46367C092FC}.Debug|Any CPU.ActiveCfg = Debug|Any CPU
		{EDB7608F-6B8D-4952-AC62-C46367C092FC}.Debug|Any CPU.Build.0 = Debug|Any CPU
		{EDB7608F-6B8D-4952-AC62-C46367C092FC}.Release|Any CPU.ActiveCfg = Release|Any CPU
		{EDB7608F-6B8D-4952-AC62-C46367C092FC}.Release|Any CPU.Build.0 = Release|Any CPU
		{B3BF7645-396C-4103-A1B3-86914D5F97BD}.Debug|Any CPU.ActiveCfg = Debug|Any CPU
		{B3BF7645-396C-4103-A1B3-86914D5F97BD}.Debug|Any CPU.Build.0 = Debug|Any CPU
		{B3BF7645-396C-4103-A1B3-86914D5F97BD}.Release|Any CPU.ActiveCfg = Release|Any CPU
		{B3BF7645-396C-4103-A1B3-86914D5F97BD}.Release|Any CPU.Build.0 = Release|Any CPU
		{283673DC-AA3A-4D2D-BB87-F85B421B324C}.Debug|Any CPU.ActiveCfg = Debug|Any CPU
		{283673DC-AA3A-4D2D-BB87-F85B421B324C}.Debug|Any CPU.Build.0 = Debug|Any CPU
		{283673DC-AA3A-4D2D-BB87-F85B421B324C}.Release|Any CPU.ActiveCfg = Release|Any CPU
		{283673DC-AA3A-4D2D-BB87-F85B421B324C}.Release|Any CPU.Build.0 = Release|Any CPU
		{FE86A7F6-FD1F-42B1-9221-9DCC8CF38B31}.Debug|Any CPU.ActiveCfg = Debug|Any CPU
		{FE86A7F6-FD1F-42B1-9221-9DCC8CF38B31}.Debug|Any CPU.Build.0 = Debug|Any CPU
		{FE86A7F6-FD1F-42B1-9221-9DCC8CF38B31}.Release|Any CPU.ActiveCfg = Release|Any CPU
		{FE86A7F6-FD1F-42B1-9221-9DCC8CF38B31}.Release|Any CPU.Build.0 = Release|Any CPU
		{0902ABD8-CC26-4A22-B3B9-449A080C695E}.Debug|Any CPU.ActiveCfg = Debug|Any CPU
		{0902ABD8-CC26-4A22-B3B9-449A080C695E}.Debug|Any CPU.Build.0 = Debug|Any CPU
		{0902ABD8-CC26-4A22-B3B9-449A080C695E}.Release|Any CPU.ActiveCfg = Release|Any CPU
		{0902ABD8-CC26-4A22-B3B9-449A080C695E}.Release|Any CPU.Build.0 = Release|Any CPU
		{156E2F61-8BC0-47F9-AFE6-9D443A05010A}.Debug|Any CPU.ActiveCfg = Debug|Any CPU
		{156E2F61-8BC0-47F9-AFE6-9D443A05010A}.Debug|Any CPU.Build.0 = Debug|Any CPU
		{156E2F61-8BC0-47F9-AFE6-9D443A05010A}.Release|Any CPU.ActiveCfg = Release|Any CPU
		{156E2F61-8BC0-47F9-AFE6-9D443A05010A}.Release|Any CPU.Build.0 = Release|Any CPU
	EndGlobalSection
	GlobalSection(SolutionProperties) = preSolution
		HideSolutionNode = FALSE
	EndGlobalSection
	GlobalSection(NestedProjects) = preSolution
		{E705C74A-F275-4E76-AD8D-C427E43A68AC} = {D91624ED-F9A2-4D8D-8043-6C95A75C1391}
		{763F5A7B-71E4-4313-8CE0-E84169967B71} = {D91624ED-F9A2-4D8D-8043-6C95A75C1391}
		{0EBA3226-1298-4D7E-A9D6-66682C1BB1C4} = {D91624ED-F9A2-4D8D-8043-6C95A75C1391}
		{EDB7608F-6B8D-4952-AC62-C46367C092FC} = {D91624ED-F9A2-4D8D-8043-6C95A75C1391}
		{B3BF7645-396C-4103-A1B3-86914D5F97BD} = {46F5501B-F0E7-4B1B-8C38-250D057EB935}
		{283673DC-AA3A-4D2D-BB87-F85B421B324C} = {D91624ED-F9A2-4D8D-8043-6C95A75C1391}
		{FE86A7F6-FD1F-42B1-9221-9DCC8CF38B31} = {46F5501B-F0E7-4B1B-8C38-250D057EB935}
		{0902ABD8-CC26-4A22-B3B9-449A080C695E} = {0D8C5880-0626-4DC1-9570-077669845E06}
		{156E2F61-8BC0-47F9-AFE6-9D443A05010A} = {D91624ED-F9A2-4D8D-8043-6C95A75C1391}
	EndGlobalSection
	GlobalSection(ExtensibilityGlobals) = postSolution
		SolutionGuid = {849D9BB4-8B57-4C9A-8D3C-8ABB5E976E80}
	EndGlobalSection
EndGlobal
